
Microsoft Visual Studio Solution File, Format Version 11.00
# Visual Studio 2010
Project("{FAE04EC0-301F-11D3-BF4B-00C04F79EFBC}") = "MapReduceOnFiles", "MapReduceOnFiles\MapReduceOnFiles.csproj", "{D4D9BA44-E044-481A-990A-899D10AEA930}"
EndProject
Global
	GlobalSection(SolutionConfigurationPlatforms) = preSolution
		Debug|x86 = Debug|x86
		Release|x86 = Release|x86
	EndGlobalSection
	GlobalSection(ProjectConfigurationPlatforms) = postSolution
		{D4D9BA44-E044-481A-990A-899D10AEA930}.Debug|x86.ActiveCfg = Debug|x86
		{D4D9BA44-E044-481A-990A-899D10AEA930}.Debug|x86.Build.0 = Debug|x86
		{D4D9BA44-E044-481A-990A-899D10AEA930}.Release|x86.ActiveCfg = Release|x86
		{D4D9BA44-E044-481A-990A-899D10AEA930}.Release|x86.Build.0 = Release|x86
	EndGlobalSection
	GlobalSection(SolutionProperties) = preSolution
		HideSolutionNode = FALSE
	EndGlobalSection
EndGlobal
